
Microsoft Visual Studio Solution File, Format Version 12.00
# Visual Studio Version 16
VisualStudioVersion = 16.0.31205.134
MinimumVisualStudioVersion = 10.0.40219.1
Project("{9A19103F-16F7-4668-BE54-9A1E7A4F7556}") = "MetricsManager.Test", "MetricsManager.Test\MetricsManager.Test.csproj", "{6068EEF5-7D87-48EA-909E-875AACC4F885}"
EndProject
Project("{9A19103F-16F7-4668-BE54-9A1E7A4F7556}") = "MetricsManager", "MetricsManager\MetricsManager.csproj", "{661D536C-56C0-440C-BB31-1B1E49A6EE13}"
EndProject
Global
	GlobalSection(SolutionConfigurationPlatforms) = preSolution
		Debug|Any CPU = Debug|Any CPU
		Release|Any CPU = Release|Any CPU
	EndGlobalSection
	GlobalSection(ProjectConfigurationPlatforms) = postSolution
		{6068EEF5-7D87-48EA-909E-875AACC4F885}.Debug|Any CPU.ActiveCfg = Debug|Any CPU
		{6068EEF5-7D87-48EA-909E-875AACC4F885}.Debug|Any CPU.Build.0 = Debug|Any CPU
		{6068EEF5-7D87-48EA-909E-875AACC4F885}.Release|Any CPU.ActiveCfg = Release|Any CPU
		{6068EEF5-7D87-48EA-909E-875AACC4F885}.Release|Any CPU.Build.0 = Release|Any CPU
		{661D536C-56C0-440C-BB31-1B1E49A6EE13}.Debug|Any CPU.ActiveCfg = Debug|Any CPU
		{661D536C-56C0-440C-BB31-1B1E49A6EE13}.Debug|Any CPU.Build.0 = Debug|Any CPU
		{661D536C-56C0-440C-BB31-1B1E49A6EE13}.Release|Any CPU.ActiveCfg = Release|Any CPU
		{661D536C-56C0-440C-BB31-1B1E49A6EE13}.Release|Any CPU.Build.0 = Release|Any CPU
	EndGlobalSection
	GlobalSection(SolutionProperties) = preSolution
		HideSolutionNode = FALSE
	EndGlobalSection
	GlobalSection(ExtensibilityGlobals) = postSolution
		SolutionGuid = {AA3BA7E0-3C95-4B3D-87DC-7963061AF654}
	EndGlobalSection
EndGlobal
